
Microsoft Visual Studio Solution File, Format Version 12.00
# Visual Studio Version 17
VisualStudioVersion = 17.13.36105.23 d17.13
MinimumVisualStudioVersion = 10.0.40219.1
Project("{FAE04EC0-301F-11D3-BF4B-00C04F79EFBC}") = "ClassTest", "ClassTest\ClassTest.csproj", "{7DE8FC22-48F4-4442-9A46-6905834AE4AC}"
EndProject
Global
	GlobalSection(SolutionConfigurationPlatforms) = preSolution
		Debug|Any CPU = Debug|Any CPU
		Release|Any CPU = Release|Any CPU
	EndGlobalSection
	GlobalSection(ProjectConfigurationPlatforms) = postSolution
		{7DE8FC22-48F4-4442-9A46-6905834AE4AC}.Debug|Any CPU.ActiveCfg = Debug|Any CPU
		{7DE8FC22-48F4-4442-9A46-6905834AE4AC}.Debug|Any CPU.Build.0 = Debug|Any CPU
		{7DE8FC22-48F4-4442-9A46-6905834AE4AC}.Release|Any CPU.ActiveCfg = Release|Any CPU
		{7DE8FC22-48F4-4442-9A46-6905834AE4AC}.Release|Any CPU.Build.0 = Release|Any CPU
	EndGlobalSection
	GlobalSection(SolutionProperties) = preSolution
		HideSolutionNode = FALSE
	EndGlobalSection
	GlobalSection(ExtensibilityGlobals) = postSolution
		SolutionGuid = {1F4A1050-FC92-4DBC-9107-47F49E9572DD}
	EndGlobalSection
EndGlobal
